{
  "name": "playwright-with-javascript",
  "version": "1.0.0",
  "lockfileVersion": 3,
  "requires": true,
  "packages": {
    "": {
      "name": "playwright-with-javascript",
      "version": "1.0.0",
      "license": "ISC",
      "dependencies": {
        "dotenv": "^16.4.5"
      },
      "devDependencies": {
        "@playwright/test": "^1.48.1",
        "@types/node": "^22.1.0",
        "ajv": "^8.17.1",
        "allure-playwright": "^3.0.5"
      }
    },
    "node_modules/@playwright/test": {
      "version": "1.48.1",
      "resolved": "https://registry.npmjs.org/@playwright/test/-/test-1.48.1.tgz",
      "integrity": "sha512-s9RtWoxkOLmRJdw3oFvhFbs9OJS0BzrLUc8Hf6l2UdCNd1rqeEyD4BhCJkvzeEoD1FsK4mirsWwGerhVmYKtZg==",
      "dev": true,
      "license": "Apache-2.0",
      "dependencies": {
        "playwright": "1.48.1"
      },
      "bin": {
        "playwright": "cli.js"
      },
      "engines": {
        "node": ">=18"
      }
    },
    "node_modules/@types/node": {
      "version": "22.1.0",
      "resolved": "https://registry.npmjs.org/@types/node/-/node-22.1.0.tgz",
      "integrity": "sha512-AOmuRF0R2/5j1knA3c6G3HOk523Ga+l+ZXltX8SF1+5oqcXijjfTd8fY3XRZqSihEu9XhtQnKYLmkFaoxgsJHw==",
      "dev": true,
      "license": "MIT",
      "dependencies": {
        "undici-types": "~6.13.0"
      }
    },
    "node_modules/ajv": {
      "version": "8.17.1",
      "resolved": "https://registry.npmjs.org/ajv/-/ajv-8.17.1.tgz",
      "integrity": "sha512-B/gBuNg5SiMTrPkC+A2+cW0RszwxYmn6VYxB/inlBStS5nx6xHIt/ehKRhIMhqusl7a8LjQoZnjCs5vhwxOQ1g==",
      "dev": true,
      "license": "MIT",
      "dependencies": {
        "fast-deep-equal": "^3.1.3",
        "fast-uri": "^3.0.1",
        "json-schema-traverse": "^1.0.0",
        "require-from-string": "^2.0.2"
      },
      "funding": {
        "type": "github",
        "url": "https://github.com/sponsors/epoberezkin"
      }
    },
    "node_modules/allure-js-commons": {
      "version": "3.0.5",
      "resolved": "https://registry.npmjs.org/allure-js-commons/-/allure-js-commons-3.0.5.tgz",
      "integrity": "sha512-kIrai/gDbJdwvN2pW5dYN2W7HrbrRSu8VoodBWWEO36e/AVPsEUoQ5owzRtEknYplRBD+lnhyn3a5xgM9oAsAg==",
      "dev": true,
      "license": "Apache-2.0",
      "dependencies": {
        "md5": "^2.3.0"
      },
      "peerDependencies": {
        "allure-playwright": "3.0.5"
      },
      "peerDependenciesMeta": {
        "allure-playwright": {
          "optional": true
        }
      }
    },
    "node_modules/allure-playwright": {
      "version": "3.0.5",
      "resolved": "https://registry.npmjs.org/allure-playwright/-/allure-playwright-3.0.5.tgz",
      "integrity": "sha512-mB8RnvhuS0WAirp7CKqj0oQ2RZd0LWzI82rNn8I72ARwHp1M5t1Uqfmsfnxr7XP0gARZtej2pa8imJySRYqftQ==",
      "dev": true,
      "license": "Apache-2.0",
      "dependencies": {
        "allure-js-commons": "3.0.5"
      },
      "peerDependencies": {
        "@playwright/test": ">=1.36.0"
      }
    },
    "node_modules/charenc": {
      "version": "0.0.2",
      "resolved": "https://registry.npmjs.org/charenc/-/charenc-0.0.2.tgz",
      "integrity": "sha512-yrLQ/yVUFXkzg7EDQsPieE/53+0RlaWTs+wBrvW36cyilJ2SaDWfl4Yj7MtLTXleV9uEKefbAGUPv2/iWSooRA==",
      "dev": true,
      "license": "BSD-3-Clause",
      "engines": {
        "node": "*"
      }
    },
    "node_modules/crypt": {
      "version": "0.0.2",
      "resolved": "https://registry.npmjs.org/crypt/-/crypt-0.0.2.tgz",
      "integrity": "sha512-mCxBlsHFYh9C+HVpiEacem8FEBnMXgU9gy4zmNC+SXAZNB/1idgp/aulFJ4FgCi7GPEVbfyng092GqL2k2rmow==",
      "dev": true,
      "license": "BSD-3-Clause",
      "engines": {
        "node": "*"
      }
    },
    "node_modules/dotenv": {
      "version": "16.4.5",
      "resolved": "https://registry.npmjs.org/dotenv/-/dotenv-16.4.5.tgz",
      "integrity": "sha512-ZmdL2rui+eB2YwhsWzjInR8LldtZHGDoQ1ugH85ppHKwpUHL7j7rN0Ti9NCnGiQbhaZ11FpR+7ao1dNsmduNUg==",
      "license": "BSD-2-Clause",
      "engines": {
        "node": ">=12"
      },
      "funding": {
        "url": "https://dotenvx.com"
      }
    },
    "node_modules/fast-deep-equal": {
      "version": "3.1.3",
      "resolved": "https://registry.npmjs.org/fast-deep-equal/-/fast-deep-equal-3.1.3.tgz",
      "integrity": "sha512-f3qQ9oQy9j2AhBe/H9VC91wLmKBCCU/gDOnKNAYG5hswO7BLKj09Hc5HYNz9cGI++xlpDCIgDaitVs03ATR84Q==",
      "dev": true,
      "license": "MIT"
    },
    "node_modules/fast-uri": {
      "version": "3.0.6",
      "resolved": "https://registry.npmjs.org/fast-uri/-/fast-uri-3.0.6.tgz",
      "integrity": "sha512-Atfo14OibSv5wAp4VWNsFYE1AchQRTv9cBGWET4pZWHzYshFSS9NQI6I57rdKn9croWVMbYFbLhJ+yJvmZIIHw==",
      "dev": true,
      "funding": [
        {
          "type": "github",
          "url": "https://github.com/sponsors/fastify"
        },
        {
          "type": "opencollective",
          "url": "https://opencollective.com/fastify"
        }
      ],
      "license": "BSD-3-Clause"
    },
    "node_modules/fsevents": {
      "version": "2.3.2",
      "resolved": "https://registry.npmjs.org/fsevents/-/fsevents-2.3.2.tgz",
      "integrity": "sha512-xiqMQR4xAeHTuB9uWm+fFRcIOgKBMiOBP+eXiyT7jsgVCq1bkVygt00oASowB7EdtpOHaaPgKt812P9ab+DDKA==",
      "dev": true,
      "hasInstallScript": true,
      "license": "MIT",
      "optional": true,
      "os": [
        "darwin"
      ],
      "engines": {
        "node": "^8.16.0 || ^10.6.0 || >=11.0.0"
      }
    },
    "node_modules/is-buffer": {
      "version": "1.1.6",
      "resolved": "https://registry.npmjs.org/is-buffer/-/is-buffer-1.1.6.tgz",
      "integrity": "sha512-NcdALwpXkTm5Zvvbk7owOUSvVvBKDgKP5/ewfXEznmQFfs4ZRmanOeKBTjRVjka3QFoN6XJ+9F3USqfHqTaU5w==",
      "dev": true,
      "license": "MIT"
    },
    "node_modules/json-schema-traverse": {
      "version": "1.0.0",
      "resolved": "https://registry.npmjs.org/json-schema-traverse/-/json-schema-traverse-1.0.0.tgz",
      "integrity": "sha512-NM8/P9n3XjXhIZn1lLhkFaACTOURQXjWhV4BA/RnOv8xvgqtqpAX9IO4mRQxSx1Rlo4tqzeqb0sOlruaOy3dug==",
      "dev": true,
      "license": "MIT"
    },
    "node_modules/md5": {
      "version": "2.3.0",
      "resolved": "https://registry.npmjs.org/md5/-/md5-2.3.0.tgz",
      "integrity": "sha512-T1GITYmFaKuO91vxyoQMFETst+O71VUPEU3ze5GNzDm0OWdP8v1ziTaAEPUr/3kLsY3Sftgz242A1SetQiDL7g==",
      "dev": true,
      "license": "BSD-3-Clause",
      "dependencies": {
        "charenc": "0.0.2",
        "crypt": "0.0.2",
        "is-buffer": "~1.1.6"
      }
    },
    "node_modules/playwright": {
      "version": "1.48.1",
      "resolved": "https://registry.npmjs.org/playwright/-/playwright-1.48.1.tgz",
      "integrity": "sha512-j8CiHW/V6HxmbntOfyB4+T/uk08tBy6ph0MpBXwuoofkSnLmlfdYNNkFTYD6ofzzlSqLA1fwH4vwvVFvJgLN0w==",
      "dev": true,
      "license": "Apache-2.0",
      "dependencies": {
        "playwright-core": "1.48.1"
      },
      "bin": {
        "playwright": "cli.js"
      },
      "engines": {
        "node": ">=18"
      },
      "optionalDependencies": {
        "fsevents": "2.3.2"
      }
    },
    "node_modules/playwright-core": {
      "version": "1.48.1",
      "resolved": "https://registry.npmjs.org/playwright-core/-/playwright-core-1.48.1.tgz",
      "integrity": "sha512-Yw/t4VAFX/bBr1OzwCuOMZkY1Cnb4z/doAFSwf4huqAGWmf9eMNjmK7NiOljCdLmxeRYcGPPmcDgU0zOlzP0YA==",
      "dev": true,
      "license": "Apache-2.0",
      "bin": {
        "playwright-core": "cli.js"
      },
      "engines": {
        "node": ">=18"
      }
    },
    "node_modules/require-from-string": {
      "version": "2.0.2",
      "resolved": "https://registry.npmjs.org/require-from-string/-/require-from-string-2.0.2.tgz",
      "integrity": "sha512-Xf0nWe6RseziFMu+Ap9biiUbmplq6S9/p+7w7YXP/JBHhrUDDUhwa+vANyubuqfZWTveU//DYVGsDG7RKL/vEw==",
      "dev": true,
      "license": "MIT",
      "engines": {
        "node": ">=0.10.0"
      }
    },
    "node_modules/undici-types": {
      "version": "6.13.0",
      "resolved": "https://registry.npmjs.org/undici-types/-/undici-types-6.13.0.tgz",
      "integrity": "sha512-xtFJHudx8S2DSoujjMd1WeWvn7KKWFRESZTMeL1RptAYERu29D6jphMjjY+vn96jvN3kVPDNxU/E13VTaXj6jg==",
      "dev": true,
      "license": "MIT"
    }
  }
}
